# This file is automatically @generated by Cargo.
# It is not intended for manual editing.
version = 4

[[package]]
name = "actor-test-allocator"
version = "0.0.0"

[[package]]
name = "hibana"
version = "0.9.6"
source = "git+https://github.com/hibanaworks/hibana?rev=6ed1923c9447e48cfd3e4bb0f2d6f12126e2b452#6ed1923c9447e48cfd3e4bb0f2d6f12126e2b452"

[[package]]
name = "hibana-quic"
version = "0.1.0"
dependencies = [
 "hibana",
 "hibana-tls",
]

[[package]]
name = "hibana-tls"
version = "0.1.0"
dependencies = [
 "actor-test-allocator",
 "hibana",
 "hibana-quic",
]
