# This file is automatically @generated by Cargo.
# It is not intended for manual editing.
version = 4

[[package]]
name = "actor-test-allocator"
version = "0.0.0"

[[package]]
name = "hibana"
version = "0.9.6"
source = "git+https://github.com/hibanaworks/hibana?rev=2eaba16d204a3f33f25ab00087d504380fe7e27f#2eaba16d204a3f33f25ab00087d504380fe7e27f"

[[package]]
name = "hibana-quic"
version = "0.1.0"
dependencies = [
 "hibana",
 "hibana-tls",
]

[[package]]
name = "hibana-tls"
version = "0.1.0"
dependencies = [
 "actor-test-allocator",
 "hibana",
 "hibana-quic",
]
